
Microsoft Visual Studio Solution File, Format Version 12.00
# Visual Studio Version 16
VisualStudioVersion = 16.0.29905.134
MinimumVisualStudioVersion = 10.0.40219.1
Project("{2150E333-8FDC-42A3-9474-1A3956D46DE8}") = "Sample", "Sample", "{254AA6AE-687A-4F41-9637-7F1D89533DC4}"
EndProject
Project("{9A19103F-16F7-4668-BE54-9A1E7A4F7556}") = "IqOptionApi.Samples", "Sample\IqOptionApi.Samples\IqOptionApi.Samples.csproj", "{F980D376-4C0E-4248-B77F-B6D1015C0244}"
EndProject
Project("{9A19103F-16F7-4668-BE54-9A1E7A4F7556}") = "IqOptionApi.NET", "src\IqOptionApi.NET\IqOptionApi.NET.csproj", "{925CAFCB-016F-407C-869A-3DA9A1157946}"
EndProject
Project("{9A19103F-16F7-4668-BE54-9A1E7A4F7556}") = "IqOptionApi.Tests", "tests\IqOptionApi.Tests\IqOptionApi.Tests.csproj", "{72988539-D915-4DBA-909A-A99C121ADF04}"
EndProject
Project("{2150E333-8FDC-42A3-9474-1A3956D46DE8}") = "Tests", "Tests", "{900633CE-8D1B-43E6-BEC7-9942E75610F8}"
EndProject
Global
	GlobalSection(SolutionConfigurationPlatforms) = preSolution
		Debug|Any CPU = Debug|Any CPU
		Release|Any CPU = Release|Any CPU
	EndGlobalSection
	GlobalSection(ProjectConfigurationPlatforms) = postSolution
		{F980D376-4C0E-4248-B77F-B6D1015C0244}.Debug|Any CPU.ActiveCfg = Debug|Any CPU
		{F980D376-4C0E-4248-B77F-B6D1015C0244}.Debug|Any CPU.Build.0 = Debug|Any CPU
		{F980D376-4C0E-4248-B77F-B6D1015C0244}.Release|Any CPU.ActiveCfg = Release|Any CPU
		{F980D376-4C0E-4248-B77F-B6D1015C0244}.Release|Any CPU.Build.0 = Release|Any CPU
		{925CAFCB-016F-407C-869A-3DA9A1157946}.Debug|Any CPU.ActiveCfg = Debug|Any CPU
		{925CAFCB-016F-407C-869A-3DA9A1157946}.Debug|Any CPU.Build.0 = Debug|Any CPU
		{925CAFCB-016F-407C-869A-3DA9A1157946}.Release|Any CPU.ActiveCfg = Release|Any CPU
		{925CAFCB-016F-407C-869A-3DA9A1157946}.Release|Any CPU.Build.0 = Release|Any CPU
		{72988539-D915-4DBA-909A-A99C121ADF04}.Debug|Any CPU.ActiveCfg = Debug|Any CPU
		{72988539-D915-4DBA-909A-A99C121ADF04}.Debug|Any CPU.Build.0 = Debug|Any CPU
		{72988539-D915-4DBA-909A-A99C121ADF04}.Release|Any CPU.ActiveCfg = Release|Any CPU
		{72988539-D915-4DBA-909A-A99C121ADF04}.Release|Any CPU.Build.0 = Release|Any CPU
	EndGlobalSection
	GlobalSection(SolutionProperties) = preSolution
		HideSolutionNode = FALSE
	EndGlobalSection
	GlobalSection(NestedProjects) = preSolution
		{F980D376-4C0E-4248-B77F-B6D1015C0244} = {254AA6AE-687A-4F41-9637-7F1D89533DC4}
		{72988539-D915-4DBA-909A-A99C121ADF04} = {900633CE-8D1B-43E6-BEC7-9942E75610F8}
	EndGlobalSection
	GlobalSection(ExtensibilityGlobals) = postSolution
		SolutionGuid = {B687142A-6EBE-489B-B292-77AC7F501830}
	EndGlobalSection
EndGlobal
