
Microsoft Visual Studio Solution File, Format Version 12.00
# Visual Studio 15
VisualStudioVersion = 15.0.27428.1
MinimumVisualStudioVersion = 10.0.40219.1
Project("{2150E333-8FDC-42A3-9474-1A3956D46DE8}") = "Sample", "Sample", "{254AA6AE-687A-4F41-9637-7F1D89533DC4}"
EndProject
Project("{FAE04EC0-301F-11D3-BF4B-00C04F79EFBC}") = "IqOptionApi.Samples", "Sample\IqOptionApi.Samples\IqOptionApi.Samples.csproj", "{F980D376-4C0E-4248-B77F-B6D1015C0244}"
EndProject
Project("{FAE04EC0-301F-11D3-BF4B-00C04F79EFBC}") = "IqOptionApi.NET", "src\IqOptionApi.NET\IqOptionApi.NET.csproj", "{925CAFCB-016F-407C-869A-3DA9A1157946}"
EndProject
Project("{FAE04EC0-301F-11D3-BF4B-00C04F79EFBC}") = "IqOptionApi.Tests", "tests\IqOptionApi.Tests\IqOptionApi.Tests.csproj", "{72988539-D915-4DBA-909A-A99C121ADF04}"
EndProject
Project("{2150E333-8FDC-42A3-9474-1A3956D46DE8}") = "Tests", "Tests", "{900633CE-8D1B-43E6-BEC7-9942E75610F8}"
EndProject
Project("{FAE04EC0-301F-11D3-BF4B-00C04F79EFBC}") = "TestDigital", "tests\TestDigital\TestDigital.csproj", "{72D7086A-75B2-4FAB-923F-55A92DF0DA57}"
EndProject
Global
	GlobalSection(ProjectConfigurationPlatforms) = postSolution
		{F980D376-4C0E-4248-B77F-B6D1015C0244}.Debug|Any CPU.ActiveCfg = Debug|Any CPU
		{F980D376-4C0E-4248-B77F-B6D1015C0244}.Debug|Any CPU.Build.0 = Debug|Any CPU
		{F980D376-4C0E-4248-B77F-B6D1015C0244}.Release|Any CPU.ActiveCfg = Release|Any CPU
		{F980D376-4C0E-4248-B77F-B6D1015C0244}.Release|Any CPU.Build.0 = Release|Any CPU
		{925CAFCB-016F-407C-869A-3DA9A1157946}.Debug|Any CPU.ActiveCfg = Debug|Any CPU
		{925CAFCB-016F-407C-869A-3DA9A1157946}.Debug|Any CPU.Build.0 = Debug|Any CPU
		{925CAFCB-016F-407C-869A-3DA9A1157946}.Release|Any CPU.ActiveCfg = Release|Any CPU
		{925CAFCB-016F-407C-869A-3DA9A1157946}.Release|Any CPU.Build.0 = Release|Any CPU
		{72988539-D915-4DBA-909A-A99C121ADF04}.Debug|Any CPU.ActiveCfg = Debug|Any CPU
		{72988539-D915-4DBA-909A-A99C121ADF04}.Debug|Any CPU.Build.0 = Debug|Any CPU
		{72988539-D915-4DBA-909A-A99C121ADF04}.Release|Any CPU.ActiveCfg = Release|Any CPU
		{72988539-D915-4DBA-909A-A99C121ADF04}.Release|Any CPU.Build.0 = Release|Any CPU
		{72D7086A-75B2-4FAB-923F-55A92DF0DA57}.Debug|Any CPU.ActiveCfg = Debug|Any CPU
		{72D7086A-75B2-4FAB-923F-55A92DF0DA57}.Debug|Any CPU.Build.0 = Debug|Any CPU
		{72D7086A-75B2-4FAB-923F-55A92DF0DA57}.Release|Any CPU.ActiveCfg = Release|Any CPU
		{72D7086A-75B2-4FAB-923F-55A92DF0DA57}.Release|Any CPU.Build.0 = Release|Any CPU
	EndGlobalSection
	GlobalSection(SolutionConfigurationPlatforms) = preSolution
		Debug|Any CPU = Debug|Any CPU
		Release|Any CPU = Release|Any CPU
	EndGlobalSection
	GlobalSection(NestedProjects) = preSolution
		{F980D376-4C0E-4248-B77F-B6D1015C0244} = {254AA6AE-687A-4F41-9637-7F1D89533DC4}
		{72988539-D915-4DBA-909A-A99C121ADF04} = {900633CE-8D1B-43E6-BEC7-9942E75610F8}
		{72D7086A-75B2-4FAB-923F-55A92DF0DA57} = {900633CE-8D1B-43E6-BEC7-9942E75610F8}
	EndGlobalSection
EndGlobal
