
Microsoft Visual Studio Solution File, Format Version 12.00
# Visual Studio 15
VisualStudioVersion = 15.0.27428.1
MinimumVisualStudioVersion = 10.0.40219.1
Project("{2150E333-8FDC-42A3-9474-1A3956D46DE8}") = "tests", "tests", "{D53DAE50-05A2-46F3-97DE-C3CC5D7D9D9E}"
EndProject
Project("{9A19103F-16F7-4668-BE54-9A1E7A4F7556}") = "iqoptionapi.unit", "tests\iqoptionapi.unit\iqoptionapi.unit.csproj", "{3910EF72-DA85-4432-BF50-3A4BAD443573}"
EndProject
Project("{9A19103F-16F7-4668-BE54-9A1E7A4F7556}") = "AutofacContrib.Nsubstitute", "tests\AutofacContrib.Nsubstitute\AutofacContrib.Nsubstitute.csproj", "{AA451B3A-10FD-4663-B720-F3AD16579C9B}"
EndProject
Project("{9A19103F-16F7-4668-BE54-9A1E7A4F7556}") = "IqOptionApi", "src\IqOptionApi\IqOptionApi.csproj", "{A1931175-0AFD-4D72-947C-6E1FFD932929}"
EndProject
Project("{9A19103F-16F7-4668-BE54-9A1E7A4F7556}") = "iqoptionapi.sample", "sample\iqoptionapi.sample\iqoptionapi.sample.csproj", "{24E6F7DF-03F7-43D1-A09C-D2024C05D142}"
EndProject
Global
	GlobalSection(SolutionConfigurationPlatforms) = preSolution
		Debug|Any CPU = Debug|Any CPU
		Pack|Any CPU = Pack|Any CPU
		Release|Any CPU = Release|Any CPU
	EndGlobalSection
	GlobalSection(ProjectConfigurationPlatforms) = postSolution
		{3910EF72-DA85-4432-BF50-3A4BAD443573}.Debug|Any CPU.ActiveCfg = Debug|Any CPU
		{3910EF72-DA85-4432-BF50-3A4BAD443573}.Debug|Any CPU.Build.0 = Debug|Any CPU
		{3910EF72-DA85-4432-BF50-3A4BAD443573}.Pack|Any CPU.ActiveCfg = Pack|Any CPU
		{3910EF72-DA85-4432-BF50-3A4BAD443573}.Pack|Any CPU.Build.0 = Pack|Any CPU
		{3910EF72-DA85-4432-BF50-3A4BAD443573}.Release|Any CPU.ActiveCfg = Release|Any CPU
		{3910EF72-DA85-4432-BF50-3A4BAD443573}.Release|Any CPU.Build.0 = Release|Any CPU
		{AA451B3A-10FD-4663-B720-F3AD16579C9B}.Debug|Any CPU.ActiveCfg = Debug|Any CPU
		{AA451B3A-10FD-4663-B720-F3AD16579C9B}.Debug|Any CPU.Build.0 = Debug|Any CPU
		{AA451B3A-10FD-4663-B720-F3AD16579C9B}.Pack|Any CPU.ActiveCfg = Pack|Any CPU
		{AA451B3A-10FD-4663-B720-F3AD16579C9B}.Pack|Any CPU.Build.0 = Pack|Any CPU
		{AA451B3A-10FD-4663-B720-F3AD16579C9B}.Release|Any CPU.ActiveCfg = Release|Any CPU
		{AA451B3A-10FD-4663-B720-F3AD16579C9B}.Release|Any CPU.Build.0 = Release|Any CPU
		{A1931175-0AFD-4D72-947C-6E1FFD932929}.Debug|Any CPU.ActiveCfg = Debug|Any CPU
		{A1931175-0AFD-4D72-947C-6E1FFD932929}.Debug|Any CPU.Build.0 = Debug|Any CPU
		{A1931175-0AFD-4D72-947C-6E1FFD932929}.Pack|Any CPU.ActiveCfg = Debug|Any CPU
		{A1931175-0AFD-4D72-947C-6E1FFD932929}.Pack|Any CPU.Build.0 = Debug|Any CPU
		{A1931175-0AFD-4D72-947C-6E1FFD932929}.Release|Any CPU.ActiveCfg = Release|Any CPU
		{A1931175-0AFD-4D72-947C-6E1FFD932929}.Release|Any CPU.Build.0 = Release|Any CPU
		{24E6F7DF-03F7-43D1-A09C-D2024C05D142}.Debug|Any CPU.ActiveCfg = Debug|Any CPU
		{24E6F7DF-03F7-43D1-A09C-D2024C05D142}.Debug|Any CPU.Build.0 = Debug|Any CPU
		{24E6F7DF-03F7-43D1-A09C-D2024C05D142}.Pack|Any CPU.ActiveCfg = Pack|Any CPU
		{24E6F7DF-03F7-43D1-A09C-D2024C05D142}.Pack|Any CPU.Build.0 = Pack|Any CPU
		{24E6F7DF-03F7-43D1-A09C-D2024C05D142}.Release|Any CPU.ActiveCfg = Release|Any CPU
		{24E6F7DF-03F7-43D1-A09C-D2024C05D142}.Release|Any CPU.Build.0 = Release|Any CPU
	EndGlobalSection
	GlobalSection(SolutionProperties) = preSolution
		HideSolutionNode = FALSE
	EndGlobalSection
	GlobalSection(NestedProjects) = preSolution
		{3910EF72-DA85-4432-BF50-3A4BAD443573} = {D53DAE50-05A2-46F3-97DE-C3CC5D7D9D9E}
		{AA451B3A-10FD-4663-B720-F3AD16579C9B} = {D53DAE50-05A2-46F3-97DE-C3CC5D7D9D9E}
	EndGlobalSection
	GlobalSection(ExtensibilityGlobals) = postSolution
		SolutionGuid = {B9E7D454-5C50-445A-A9DD-91E8806B8921}
	EndGlobalSection
EndGlobal
